
Microsoft Visual Studio Solution File, Format Version 12.00
# Visual Studio Version 16
VisualStudioVersion = 16.0.30907.101
MinimumVisualStudioVersion = 10.0.40219.1
Project("{FAE04EC0-301F-11D3-BF4B-00C04F79EFBC}") = "Project 1", "Project 1.csproj", "{B2864B1C-FA2E-4C92-9C37-1010369CBA07}"
EndProject
Global
	GlobalSection(SolutionConfigurationPlatforms) = preSolution
		Debug|Any CPU = Debug|Any CPU
		Release|Any CPU = Release|Any CPU
	EndGlobalSection
	GlobalSection(ProjectConfigurationPlatforms) = postSolution
		{B2864B1C-FA2E-4C92-9C37-1010369CBA07}.Debug|Any CPU.ActiveCfg = Debug|Any CPU
		{B2864B1C-FA2E-4C92-9C37-1010369CBA07}.Debug|Any CPU.Build.0 = Debug|Any CPU
		{B2864B1C-FA2E-4C92-9C37-1010369CBA07}.Release|Any CPU.ActiveCfg = Release|Any CPU
		{B2864B1C-FA2E-4C92-9C37-1010369CBA07}.Release|Any CPU.Build.0 = Release|Any CPU
	EndGlobalSection
	GlobalSection(SolutionProperties) = preSolution
		HideSolutionNode = FALSE
	EndGlobalSection
	GlobalSection(ExtensibilityGlobals) = postSolution
		SolutionGuid = {100E009F-6868-41F3-AE5F-034F52F09F05}
	EndGlobalSection
EndGlobal
